
Microsoft Visual Studio Solution File, Format Version 12.00
# Visual Studio Version 17
VisualStudioVersion = 17.4.33122.133
MinimumVisualStudioVersion = 10.0.40219.1
Project("{FAE04EC0-301F-11D3-BF4B-00C04F79EFBC}") = "TaxPayer", "TaxPayer.csproj", "{015E29BB-6974-4012-A1B1-34C1345EB9D8}"
EndProject
Global
	GlobalSection(SolutionConfigurationPlatforms) = preSolution
		Debug|Any CPU = Debug|Any CPU
		Release|Any CPU = Release|Any CPU
	EndGlobalSection
	GlobalSection(ProjectConfigurationPlatforms) = postSolution
		{015E29BB-6974-4012-A1B1-34C1345EB9D8}.Debug|Any CPU.ActiveCfg = Debug|Any CPU
		{015E29BB-6974-4012-A1B1-34C1345EB9D8}.Debug|Any CPU.Build.0 = Debug|Any CPU
		{015E29BB-6974-4012-A1B1-34C1345EB9D8}.Release|Any CPU.ActiveCfg = Release|Any CPU
		{015E29BB-6974-4012-A1B1-34C1345EB9D8}.Release|Any CPU.Build.0 = Release|Any CPU
	EndGlobalSection
	GlobalSection(SolutionProperties) = preSolution
		HideSolutionNode = FALSE
	EndGlobalSection
	GlobalSection(ExtensibilityGlobals) = postSolution
		SolutionGuid = {42632A34-5E00-4E88-951A-89B1F70A5A68}
	EndGlobalSection
EndGlobal
